
Microsoft Visual Studio Solution File, Format Version 12.00
# Visual Studio 15
VisualStudioVersion = 15.0.26228.9
MinimumVisualStudioVersion = 10.0.40219.1
Project("{FAE04EC0-301F-11D3-BF4B-00C04F79EFBC}") = "PngAppender", "PngAppender\PngAppender.csproj", "{BB3230B8-84A5-4EC4-B0C2-FAB080944E9D}"
EndProject
Project("{8BC9CEB8-8B4A-11D0-8D11-00A0C91BC942}") = "PngAppender2", "PngAppender2\PngAppender2.vcxproj", "{9DC01542-AC16-4E90-B098-975BD519D001}"
EndProject
Project("{8BC9CEB8-8B4A-11D0-8D11-00A0C91BC942}") = "PngAppender3", "PngAppender3\PngAppender3.vcxproj", "{36F082B7-8028-4D77-A17A-9E4F5736E702}"
EndProject
Global
	GlobalSection(SolutionConfigurationPlatforms) = preSolution
		Debug|Any CPU = Debug|Any CPU
		Debug|x64 = Debug|x64
		Debug|x86 = Debug|x86
		Release|Any CPU = Release|Any CPU
		Release|x64 = Release|x64
		Release|x86 = Release|x86
	EndGlobalSection
	GlobalSection(ProjectConfigurationPlatforms) = postSolution
		{BB3230B8-84A5-4EC4-B0C2-FAB080944E9D}.Debug|Any CPU.ActiveCfg = Debug|Any CPU
		{BB3230B8-84A5-4EC4-B0C2-FAB080944E9D}.Debug|Any CPU.Build.0 = Debug|Any CPU
		{BB3230B8-84A5-4EC4-B0C2-FAB080944E9D}.Debug|x64.ActiveCfg = Debug|Any CPU
		{BB3230B8-84A5-4EC4-B0C2-FAB080944E9D}.Debug|x64.Build.0 = Debug|Any CPU
		{BB3230B8-84A5-4EC4-B0C2-FAB080944E9D}.Debug|x86.ActiveCfg = Debug|Any CPU
		{BB3230B8-84A5-4EC4-B0C2-FAB080944E9D}.Debug|x86.Build.0 = Debug|Any CPU
		{BB3230B8-84A5-4EC4-B0C2-FAB080944E9D}.Release|Any CPU.ActiveCfg = Release|Any CPU
		{BB3230B8-84A5-4EC4-B0C2-FAB080944E9D}.Release|Any CPU.Build.0 = Release|Any CPU
		{BB3230B8-84A5-4EC4-B0C2-FAB080944E9D}.Release|x64.ActiveCfg = Release|Any CPU
		{BB3230B8-84A5-4EC4-B0C2-FAB080944E9D}.Release|x64.Build.0 = Release|Any CPU
		{BB3230B8-84A5-4EC4-B0C2-FAB080944E9D}.Release|x86.ActiveCfg = Release|Any CPU
		{BB3230B8-84A5-4EC4-B0C2-FAB080944E9D}.Release|x86.Build.0 = Release|Any CPU
		{9DC01542-AC16-4E90-B098-975BD519D001}.Debug|Any CPU.ActiveCfg = Debug|Win32
		{9DC01542-AC16-4E90-B098-975BD519D001}.Debug|x64.ActiveCfg = Debug|x64
		{9DC01542-AC16-4E90-B098-975BD519D001}.Debug|x64.Build.0 = Debug|x64
		{9DC01542-AC16-4E90-B098-975BD519D001}.Debug|x86.ActiveCfg = Debug|Win32
		{9DC01542-AC16-4E90-B098-975BD519D001}.Debug|x86.Build.0 = Debug|Win32
		{9DC01542-AC16-4E90-B098-975BD519D001}.Release|Any CPU.ActiveCfg = Release|Win32
		{9DC01542-AC16-4E90-B098-975BD519D001}.Release|x64.ActiveCfg = Release|x64
		{9DC01542-AC16-4E90-B098-975BD519D001}.Release|x64.Build.0 = Release|x64
		{9DC01542-AC16-4E90-B098-975BD519D001}.Release|x86.ActiveCfg = Release|Win32
		{9DC01542-AC16-4E90-B098-975BD519D001}.Release|x86.Build.0 = Release|Win32
		{36F082B7-8028-4D77-A17A-9E4F5736E702}.Debug|Any CPU.ActiveCfg = Debug|Win32
		{36F082B7-8028-4D77-A17A-9E4F5736E702}.Debug|x64.ActiveCfg = Debug|x64
		{36F082B7-8028-4D77-A17A-9E4F5736E702}.Debug|x64.Build.0 = Debug|x64
		{36F082B7-8028-4D77-A17A-9E4F5736E702}.Debug|x86.ActiveCfg = Debug|Win32
		{36F082B7-8028-4D77-A17A-9E4F5736E702}.Debug|x86.Build.0 = Debug|Win32
		{36F082B7-8028-4D77-A17A-9E4F5736E702}.Release|Any CPU.ActiveCfg = Release|Win32
		{36F082B7-8028-4D77-A17A-9E4F5736E702}.Release|x64.ActiveCfg = Release|x64
		{36F082B7-8028-4D77-A17A-9E4F5736E702}.Release|x64.Build.0 = Release|x64
		{36F082B7-8028-4D77-A17A-9E4F5736E702}.Release|x86.ActiveCfg = Release|Win32
		{36F082B7-8028-4D77-A17A-9E4F5736E702}.Release|x86.Build.0 = Release|Win32
	EndGlobalSection
	GlobalSection(SolutionProperties) = preSolution
		HideSolutionNode = FALSE
	EndGlobalSection
EndGlobal
